
Microsoft Visual Studio Solution File, Format Version 12.00
Project("{FAE04EC0-301F-11D3-BF4B-00C04F79EFBC}") = "Lab3", "Lab3.csproj", "{714F045C-E33E-4C94-9BEA-E08E2B52FC0D}"
EndProject
Global
	GlobalSection(SolutionConfigurationPlatforms) = preSolution
		Debug|Any CPU = Debug|Any CPU
		Release|Any CPU = Release|Any CPU
	EndGlobalSection
	GlobalSection(ProjectConfigurationPlatforms) = postSolution
		{714F045C-E33E-4C94-9BEA-E08E2B52FC0D}.Debug|Any CPU.ActiveCfg = Debug|Any CPU
		{714F045C-E33E-4C94-9BEA-E08E2B52FC0D}.Debug|Any CPU.Build.0 = Debug|Any CPU
		{714F045C-E33E-4C94-9BEA-E08E2B52FC0D}.Release|Any CPU.ActiveCfg = Release|Any CPU
		{714F045C-E33E-4C94-9BEA-E08E2B52FC0D}.Release|Any CPU.Build.0 = Release|Any CPU
	EndGlobalSection
EndGlobal
